
Microsoft Visual Studio Solution File, Format Version 12.00
# Visual Studio Version 17
VisualStudioVersion = 17.7.34031.279
MinimumVisualStudioVersion = 10.0.40219.1
Project("{FAE04EC0-301F-11D3-BF4B-00C04F79EFBC}") = "FrontToBack", "FrontToBack\FrontToBack.csproj", "{E43DA42D-0A6A-40AC-AF1A-A3ADE434AE90}"
EndProject
Global
	GlobalSection(SolutionConfigurationPlatforms) = preSolution
		Debug|Any CPU = Debug|Any CPU
		Release|Any CPU = Release|Any CPU
	EndGlobalSection
	GlobalSection(ProjectConfigurationPlatforms) = postSolution
		{E43DA42D-0A6A-40AC-AF1A-A3ADE434AE90}.Debug|Any CPU.ActiveCfg = Debug|Any CPU
		{E43DA42D-0A6A-40AC-AF1A-A3ADE434AE90}.Debug|Any CPU.Build.0 = Debug|Any CPU
		{E43DA42D-0A6A-40AC-AF1A-A3ADE434AE90}.Release|Any CPU.ActiveCfg = Release|Any CPU
		{E43DA42D-0A6A-40AC-AF1A-A3ADE434AE90}.Release|Any CPU.Build.0 = Release|Any CPU
	EndGlobalSection
	GlobalSection(SolutionProperties) = preSolution
		HideSolutionNode = FALSE
	EndGlobalSection
	GlobalSection(ExtensibilityGlobals) = postSolution
		SolutionGuid = {73F98CAD-76D4-405D-8975-731D4838A7EF}
	EndGlobalSection
EndGlobal
